// !$*UTF8*$!
{
	archiveVersion = 1;
	classes = {
	};
	objectVersion = 46;
	objects = {

/* Begin PBXBuildFile section */
		870224B6171098EC005818C4 /* symbol_check.png in Resources */ = {isa = PBXBuildFile; fileRef = 870224B5171098EC005818C4 /* symbol_check.png */; };
		8713E65D1711388B00BDE6AC /* RatingViewController.m in Sources */ = {isa = PBXBuildFile; fileRef = 8713E65C1711388B00BDE6AC /* RatingViewController.m */; };
		878F8CE0171321310033A1BA /* star_empty.png in Resources */ = {isa = PBXBuildFile; fileRef = 878F8CDD171321310033A1BA /* star_empty.png */; };
		878F8CE1171321310033A1BA /* star_full.png in Resources */ = {isa = PBXBuildFile; fileRef = 878F8CDE171321310033A1BA /* star_full.png */; };
		878F8CE2171321310033A1BA /* star_half_left.png in Resources */ = {isa = PBXBuildFile; fileRef = 878F8CDF171321310033A1BA /* star_half_left.png */; };
		878F8CE5171322DD0033A1BA /* RatingView.m in Sources */ = {isa = PBXBuildFile; fileRef = 878F8CE4171322DD0033A1BA /* RatingView.m */; };
		87F99095171023C0002F38C2 /* UIKit.framework in Frameworks */ = {isa = PBXBuildFile; fileRef = 87F99094171023C0002F38C2 /* UIKit.framework */; };
		87F99097171023C0002F38C2 /* Foundation.framework in Frameworks */ = {isa = PBXBuildFile; fileRef = 87F99096171023C0002F38C2 /* Foundation.framework */; };
		87F99099171023C0002F38C2 /* CoreGraphics.framework in Frameworks */ = {isa = PBXBuildFile; fileRef = 87F99098171023C0002F38C2 /* CoreGraphics.framework */; };
		87F9909F171023C0002F38C2 /* InfoPlist.strings in Resources */ = {isa = PBXBuildFile; fileRef = 87F9909D171023C0002F38C2 /* InfoPlist.strings */; };
		87F990A1171023C0002F38C2 /* main.m in Sources */ = {isa = PBXBuildFile; fileRef = 87F990A0171023C0002F38C2 /* main.m */; };
		87F990A5171023C0002F38C2 /* UISTAppDelegate.m in Sources */ = {isa = PBXBuildFile; fileRef = 87F990A4171023C0002F38C2 /* UISTAppDelegate.m */; };
		87F990A7171023C1002F38C2 /* Default.png in Resources */ = {isa = PBXBuildFile; fileRef = 87F990A6171023C1002F38C2 /* Default.png */; };
		87F990A9171023C1002F38C2 /* Default@2x.png in Resources */ = {isa = PBXBuildFile; fileRef = 87F990A8171023C1002F38C2 /* Default@2x.png */; };
		87F990AB171023C1002F38C2 /* Default-568h@2x.png in Resources */ = {isa = PBXBuildFile; fileRef = 87F990AA171023C1002F38C2 /* Default-568h@2x.png */; };
		87F990AE171023C1002F38C2 /* MainStoryboard.storyboard in Resources */ = {isa = PBXBuildFile; fileRef = 87F990AC171023C1002F38C2 /* MainStoryboard.storyboard */; };
		87F990B1171023C1002F38C2 /* UISTViewController.m in Sources */ = {isa = PBXBuildFile; fileRef = 87F990B0171023C1002F38C2 /* UISTViewController.m */; };
		87F990BB1710247E002F38C2 /* EnterViewController.m in Sources */ = {isa = PBXBuildFile; fileRef = 87F990BA1710247E002F38C2 /* EnterViewController.m */; };
		A5F4812F171FF4890004264E /* HavingTableViewCell.m in Sources */ = {isa = PBXBuildFile; fileRef = A5F48128171FF4890004264E /* HavingTableViewCell.m */; };
		A5F48130171FF4890004264E /* HavingViewController.m in Sources */ = {isa = PBXBuildFile; fileRef = A5F4812A171FF4890004264E /* HavingViewController.m */; };
		A5F48131171FF4890004264E /* MenuViewController.m in Sources */ = {isa = PBXBuildFile; fileRef = A5F4812C171FF4890004264E /* MenuViewController.m */; };
		A5F48132171FF4890004264E /* MissingViewController.m in Sources */ = {isa = PBXBuildFile; fileRef = A5F4812E171FF4890004264E /* MissingViewController.m */; };
		D5903B27171F81FE00ABC4B3 /* CustomButton.m in Sources */ = {isa = PBXBuildFile; fileRef = D5903B1F171F81FE00ABC4B3 /* CustomButton.m */; };
		D5903B28171F81FE00ABC4B3 /* video_icon.png in Resources */ = {isa = PBXBuildFile; fileRef = D5903B20171F81FE00ABC4B3 /* video_icon.png */; };
		D5903B29171F81FE00ABC4B3 /* VideoEmbed.m in Sources */ = {isa = PBXBuildFile; fileRef = D5903B22171F81FE00ABC4B3 /* VideoEmbed.m */; };
		D5903B2A171F81FE00ABC4B3 /* ViewController.m in Sources */ = {isa = PBXBuildFile; fileRef = D5903B24171F81FE00ABC4B3 /* ViewController.m */; };
		D5903B2B171F81FE00ABC4B3 /* WebView-Info.plist in Resources */ = {isa = PBXBuildFile; fileRef = D5903B25171F81FE00ABC4B3 /* WebView-Info.plist */; };
		D5903B3D171F88CC00ABC4B3 /* Giant_Burger_frei.jpg in Resources */ = {isa = PBXBuildFile; fileRef = D5903B2D171F88CB00ABC4B3 /* Giant_Burger_frei.jpg */; };
		D5903B3E171F88CC00ABC4B3 /* green.jpg in Resources */ = {isa = PBXBuildFile; fileRef = D5903B2E171F88CB00ABC4B3 /* green.jpg */; };
		D5903B3F171F88CC00ABC4B3 /* New-Info.plist in Resources */ = {isa = PBXBuildFile; fileRef = D5903B2F171F88CB00ABC4B3 /* New-Info.plist */; };
		D5903B40171F88CC00ABC4B3 /* omlette.jpg in Resources */ = {isa = PBXBuildFile; fileRef = D5903B31171F88CB00ABC4B3 /* omlette.jpg */; };
		D5903B41171F88CC00ABC4B3 /* PFinalViewController.m in Sources */ = {isa = PBXBuildFile; fileRef = D5903B33171F88CB00ABC4B3 /* PFinalViewController.m */; };
		D5903B42171F88CC00ABC4B3 /* Precipe.m in Sources */ = {isa = PBXBuildFile; fileRef = D5903B35171F88CB00ABC4B3 /* Precipe.m */; };
		D5903B43171F88CC00ABC4B3 /* Psample.m in Sources */ = {isa = PBXBuildFile; fileRef = D5903B37171F88CB00ABC4B3 /* Psample.m */; };
		D5903B44171F88CC00ABC4B3 /* PViewController.m in Sources */ = {isa = PBXBuildFile; fileRef = D5903B39171F88CB00ABC4B3 /* PViewController.m */; };
		D5903B45171F88CC00ABC4B3 /* red.jpg in Resources */ = {isa = PBXBuildFile; fileRef = D5903B3A171F88CB00ABC4B3 /* red.jpg */; };
		D5903B46171F88CC00ABC4B3 /* sbcrepe.jpg in Resources */ = {isa = PBXBuildFile; fileRef = D5903B3B171F88CB00ABC4B3 /* sbcrepe.jpg */; };
		D5903B47171F88CC00ABC4B3 /* yellow.gif in Resources */ = {isa = PBXBuildFile; fileRef = D5903B3C171F88CB00ABC4B3 /* yellow.gif */; };
/* End PBXBuildFile section */

/* Begin PBXFileReference section */
		870224B5171098EC005818C4 /* symbol_check.png */ = {isa = PBXFileReference; lastKnownFileType = image.png; path = symbol_check.png; sourceTree = "<group>"; };
		8713E65B1711388B00BDE6AC /* RatingViewController.h */ = {isa = PBXFileReference; fileEncoding = 4; lastKnownFileType = sourcecode.c.h; path = RatingViewController.h; sourceTree = "<group>"; };
		8713E65C1711388B00BDE6AC /* RatingViewController.m */ = {isa = PBXFileReference; fileEncoding = 4; lastKnownFileType = sourcecode.c.objc; path = RatingViewController.m; sourceTree = "<group>"; };
		878F8CDD171321310033A1BA /* star_empty.png */ = {isa = PBXFileReference; lastKnownFileType = image.png; path = star_empty.png; sourceTree = "<group>"; };
		878F8CDE171321310033A1BA /* star_full.png */ = {isa = PBXFileReference; lastKnownFileType = image.png; path = star_full.png; sourceTree = "<group>"; };
		878F8CDF171321310033A1BA /* star_half_left.png */ = {isa = PBXFileReference; lastKnownFileType = image.png; path = star_half_left.png; sourceTree = "<group>"; };
		878F8CE3171322DD0033A1BA /* RatingView.h */ = {isa = PBXFileReference; fileEncoding = 4; lastKnownFileType = sourcecode.c.h; path = RatingView.h; sourceTree = "<group>"; };
		878F8CE4171322DD0033A1BA /* RatingView.m */ = {isa = PBXFileReference; fileEncoding = 4; lastKnownFileType = sourcecode.c.objc; path = RatingView.m; sourceTree = "<group>"; };
		87F99091171023C0002F38C2 /* WhatCanWeCook.app */ = {isa = PBXFileReference; explicitFileType = wrapper.application; includeInIndex = 0; path = WhatCanWeCook.app; sourceTree = BUILT_PRODUCTS_DIR; };
		87F99094171023C0002F38C2 /* UIKit.framework */ = {isa = PBXFileReference; lastKnownFileType = wrapper.framework; name = UIKit.framework; path = System/Library/Frameworks/UIKit.framework; sourceTree = SDKROOT; };
		87F99096171023C0002F38C2 /* Foundation.framework */ = {isa = PBXFileReference; lastKnownFileType = wrapper.framework; name = Foundation.framework; path = System/Library/Frameworks/Foundation.framework; sourceTree = SDKROOT; };
		87F99098171023C0002F38C2 /* CoreGraphics.framework */ = {isa = PBXFileReference; lastKnownFileType = wrapper.framework; name = CoreGraphics.framework; path = System/Library/Frameworks/CoreGraphics.framework; sourceTree = SDKROOT; };
		87F9909C171023C0002F38C2 /* WhatCanWeCook-Info.plist */ = {isa = PBXFileReference; lastKnownFileType = text.plist.xml; path = "WhatCanWeCook-Info.plist"; sourceTree = "<group>"; };
		87F9909E171023C0002F38C2 /* en */ = {isa = PBXFileReference; lastKnownFileType = text.plist.strings; name = en; path = en.lproj/InfoPlist.strings; sourceTree = "<group>"; };
		87F990A0171023C0002F38C2 /* main.m */ = {isa = PBXFileReference; lastKnownFileType = sourcecode.c.objc; path = main.m; sourceTree = "<group>"; };
		87F990A2171023C0002F38C2 /* WhatCanWeCook-Prefix.pch */ = {isa = PBXFileReference; lastKnownFileType = sourcecode.c.h; path = "WhatCanWeCook-Prefix.pch"; sourceTree = "<group>"; };
		87F990A3171023C0002F38C2 /* UISTAppDelegate.h */ = {isa = PBXFileReference; lastKnownFileType = sourcecode.c.h; path = UISTAppDelegate.h; sourceTree = "<group>"; };
		87F990A4171023C0002F38C2 /* UISTAppDelegate.m */ = {isa = PBXFileReference; lastKnownFileType = sourcecode.c.objc; path = UISTAppDelegate.m; sourceTree = "<group>"; };
		87F990A6171023C1002F38C2 /* Default.png */ = {isa = PBXFileReference; lastKnownFileType = image.png; path = Default.png; sourceTree = "<group>"; };
		87F990A8171023C1002F38C2 /* Default@2x.png */ = {isa = PBXFileReference; lastKnownFileType = image.png; path = "Default@2x.png"; sourceTree = "<group>"; };
		87F990AA171023C1002F38C2 /* Default-568h@2x.png */ = {isa = PBXFileReference; lastKnownFileType = image.png; path = "Default-568h@2x.png"; sourceTree = "<group>"; };
		87F990AD171023C1002F38C2 /* en */ = {isa = PBXFileReference; lastKnownFileType = file.storyboard; name = en; path = en.lproj/MainStoryboard.storyboard; sourceTree = "<group>"; };
		87F990AF171023C1002F38C2 /* UISTViewController.h */ = {isa = PBXFileReference; lastKnownFileType = sourcecode.c.h; path = UISTViewController.h; sourceTree = "<group>"; };
		87F990B0171023C1002F38C2 /* UISTViewController.m */ = {isa = PBXFileReference; lastKnownFileType = sourcecode.c.objc; path = UISTViewController.m; sourceTree = "<group>"; };
		87F990B91710247E002F38C2 /* EnterViewController.h */ = {isa = PBXFileReference; fileEncoding = 4; lastKnownFileType = sourcecode.c.h; path = EnterViewController.h; sourceTree = "<group>"; };
		87F990BA1710247E002F38C2 /* EnterViewController.m */ = {isa = PBXFileReference; fileEncoding = 4; lastKnownFileType = sourcecode.c.objc; path = EnterViewController.m; sourceTree = "<group>"; };
		A5F48127171FF4890004264E /* HavingTableViewCell.h */ = {isa = PBXFileReference; fileEncoding = 4; lastKnownFileType = sourcecode.c.h; path = HavingTableViewCell.h; sourceTree = "<group>"; };
		A5F48128171FF4890004264E /* HavingTableViewCell.m */ = {isa = PBXFileReference; fileEncoding = 4; lastKnownFileType = sourcecode.c.objc; path = HavingTableViewCell.m; sourceTree = "<group>"; };
		A5F48129171FF4890004264E /* HavingViewController.h */ = {isa = PBXFileReference; fileEncoding = 4; lastKnownFileType = sourcecode.c.h; path = HavingViewController.h; sourceTree = "<group>"; };
		A5F4812A171FF4890004264E /* HavingViewController.m */ = {isa = PBXFileReference; fileEncoding = 4; lastKnownFileType = sourcecode.c.objc; path = HavingViewController.m; sourceTree = "<group>"; };
		A5F4812B171FF4890004264E /* MenuViewController.h */ = {isa = PBXFileReference; fileEncoding = 4; lastKnownFileType = sourcecode.c.h; path = MenuViewController.h; sourceTree = "<group>"; };
		A5F4812C171FF4890004264E /* MenuViewController.m */ = {isa = PBXFileReference; fileEncoding = 4; lastKnownFileType = sourcecode.c.objc; path = MenuViewController.m; sourceTree = "<group>"; };
		A5F4812D171FF4890004264E /* MissingViewController.h */ = {isa = PBXFileReference; fileEncoding = 4; lastKnownFileType = sourcecode.c.h; path = MissingViewController.h; sourceTree = "<group>"; };
		A5F4812E171FF4890004264E /* MissingViewController.m */ = {isa = PBXFileReference; fileEncoding = 4; lastKnownFileType = sourcecode.c.objc; path = MissingViewController.m; sourceTree = "<group>"; };
		D5903B1E171F81FE00ABC4B3 /* CustomButton.h */ = {isa = PBXFileReference; fileEncoding = 4; lastKnownFileType = sourcecode.c.h; path = CustomButton.h; sourceTree = "<group>"; };
		D5903B1F171F81FE00ABC4B3 /* CustomButton.m */ = {isa = PBXFileReference; fileEncoding = 4; lastKnownFileType = sourcecode.c.objc; path = CustomButton.m; sourceTree = "<group>"; };
		D5903B20171F81FE00ABC4B3 /* video_icon.png */ = {isa = PBXFileReference; lastKnownFileType = image.png; path = video_icon.png; sourceTree = "<group>"; };
		D5903B21171F81FE00ABC4B3 /* VideoEmbed.h */ = {isa = PBXFileReference; fileEncoding = 4; lastKnownFileType = sourcecode.c.h; path = VideoEmbed.h; sourceTree = "<group>"; };
		D5903B22171F81FE00ABC4B3 /* VideoEmbed.m */ = {isa = PBXFileReference; fileEncoding = 4; lastKnownFileType = sourcecode.c.objc; path = VideoEmbed.m; sourceTree = "<group>"; };
		D5903B23171F81FE00ABC4B3 /* ViewController.h */ = {isa = PBXFileReference; fileEncoding = 4; lastKnownFileType = sourcecode.c.h; path = ViewController.h; sourceTree = "<group>"; };
		D5903B24171F81FE00ABC4B3 /* ViewController.m */ = {isa = PBXFileReference; fileEncoding = 4; lastKnownFileType = sourcecode.c.objc; path = ViewController.m; sourceTree = "<group>"; };
		D5903B25171F81FE00ABC4B3 /* WebView-Info.plist */ = {isa = PBXFileReference; fileEncoding = 4; lastKnownFileType = text.plist.xml; path = "WebView-Info.plist"; sourceTree = "<group>"; };
		D5903B26171F81FE00ABC4B3 /* WebView-Prefix.pch */ = {isa = PBXFileReference; fileEncoding = 4; lastKnownFileType = sourcecode.c.h; path = "WebView-Prefix.pch"; sourceTree = "<group>"; };
		D5903B2D171F88CB00ABC4B3 /* Giant_Burger_frei.jpg */ = {isa = PBXFileReference; lastKnownFileType = image.jpeg; path = Giant_Burger_frei.jpg; sourceTree = "<group>"; };
		D5903B2E171F88CB00ABC4B3 /* green.jpg */ = {isa = PBXFileReference; lastKnownFileType = image.jpeg; path = green.jpg; sourceTree = "<group>"; };
		D5903B2F171F88CB00ABC4B3 /* New-Info.plist */ = {isa = PBXFileReference; fileEncoding = 4; lastKnownFileType = text.plist.xml; path = "New-Info.plist"; sourceTree = "<group>"; };
		D5903B30171F88CB00ABC4B3 /* New-Prefix.pch */ = {isa = PBXFileReference; fileEncoding = 4; lastKnownFileType = sourcecode.c.h; path = "New-Prefix.pch"; sourceTree = "<group>"; };
		D5903B31171F88CB00ABC4B3 /* omlette.jpg */ = {isa = PBXFileReference; lastKnownFileType = image.jpeg; path = omlette.jpg; sourceTree = "<group>"; };
		D5903B32171F88CB00ABC4B3 /* PFinalViewController.h */ = {isa = PBXFileReference; fileEncoding = 4; lastKnownFileType = sourcecode.c.h; path = PFinalViewController.h; sourceTree = "<group>"; };
		D5903B33171F88CB00ABC4B3 /* PFinalViewController.m */ = {isa = PBXFileReference; fileEncoding = 4; lastKnownFileType = sourcecode.c.objc; path = PFinalViewController.m; sourceTree = "<group>"; };
		D5903B34171F88CB00ABC4B3 /* Precipe.h */ = {isa = PBXFileReference; fileEncoding = 4; lastKnownFileType = sourcecode.c.h; path = Precipe.h; sourceTree = "<group>"; };
		D5903B35171F88CB00ABC4B3 /* Precipe.m */ = {isa = PBXFileReference; fileEncoding = 4; lastKnownFileType = sourcecode.c.objc; path = Precipe.m; sourceTree = "<group>"; };
		D5903B36171F88CB00ABC4B3 /* Psample.h */ = {isa = PBXFileReference; fileEncoding = 4; lastKnownFileType = sourcecode.c.h; path = Psample.h; sourceTree = "<group>"; };
		D5903B37171F88CB00ABC4B3 /* Psample.m */ = {isa = PBXFileReference; fileEncoding = 4; lastKnownFileType = sourcecode.c.objc; path = Psample.m; sourceTree = "<group>"; };
		D5903B38171F88CB00ABC4B3 /* PViewController.h */ = {isa = PBXFileReference; fileEncoding = 4; lastKnownFileType = sourcecode.c.h; path = PViewController.h; sourceTree = "<group>"; };
		D5903B39171F88CB00ABC4B3 /* PViewController.m */ = {isa = PBXFileReference; fileEncoding = 4; lastKnownFileType = sourcecode.c.objc; path = PViewController.m; sourceTree = "<group>"; };
		D5903B3A171F88CB00ABC4B3 /* red.jpg */ = {isa = PBXFileReference; lastKnownFileType = image.jpeg; path = red.jpg; sourceTree = "<group>"; };
		D5903B3B171F88CB00ABC4B3 /* sbcrepe.jpg */ = {isa = PBXFileReference; lastKnownFileType = image.jpeg; path = sbcrepe.jpg; sourceTree = "<group>"; };
		D5903B3C171F88CB00ABC4B3 /* yellow.gif */ = {isa = PBXFileReference; lastKnownFileType = image.gif; path = yellow.gif; sourceTree = "<group>"; };
/* End PBXFileReference section */

/* Begin PBXFrameworksBuildPhase section */
		87F9908E171023C0002F38C2 /* Frameworks */ = {
			isa = PBXFrameworksBuildPhase;
			buildActionMask = 2147483647;
			files = (
				87F99095171023C0002F38C2 /* UIKit.framework in Frameworks */,
				87F99097171023C0002F38C2 /* Foundation.framework in Frameworks */,
				87F99099171023C0002F38C2 /* CoreGraphics.framework in Frameworks */,
			);
			runOnlyForDeploymentPostprocessing = 0;
		};
/* End PBXFrameworksBuildPhase section */

/* Begin PBXGroup section */
		870224B4171098CF005818C4 /* Images */ = {
			isa = PBXGroup;
			children = (
				878F8CDD171321310033A1BA /* star_empty.png */,
				878F8CDE171321310033A1BA /* star_full.png */,
				878F8CDF171321310033A1BA /* star_half_left.png */,
				870224B5171098EC005818C4 /* symbol_check.png */,
			);
			name = Images;
			sourceTree = "<group>";
		};
		8713E65A1711386B00BDE6AC /* Rating */ = {
			isa = PBXGroup;
			children = (
				8713E65B1711388B00BDE6AC /* RatingViewController.h */,
				8713E65C1711388B00BDE6AC /* RatingViewController.m */,
				878F8CE3171322DD0033A1BA /* RatingView.h */,
				878F8CE4171322DD0033A1BA /* RatingView.m */,
			);
			name = Rating;
			sourceTree = "<group>";
		};
		87F99088171023C0002F38C2 = {
			isa = PBXGroup;
			children = (
				870224B4171098CF005818C4 /* Images */,
				87F9909A171023C0002F38C2 /* WhatCanWeCook */,
				87F99093171023C0002F38C2 /* Frameworks */,
				87F99092171023C0002F38C2 /* Products */,
			);
			sourceTree = "<group>";
		};
		87F99092171023C0002F38C2 /* Products */ = {
			isa = PBXGroup;
			children = (
				87F99091171023C0002F38C2 /* WhatCanWeCook.app */,
			);
			name = Products;
			sourceTree = "<group>";
		};
		87F99093171023C0002F38C2 /* Frameworks */ = {
			isa = PBXGroup;
			children = (
				87F99094171023C0002F38C2 /* UIKit.framework */,
				87F99096171023C0002F38C2 /* Foundation.framework */,
				87F99098171023C0002F38C2 /* CoreGraphics.framework */,
			);
			name = Frameworks;
			sourceTree = "<group>";
		};
		87F9909A171023C0002F38C2 /* WhatCanWeCook */ = {
			isa = PBXGroup;
			children = (
				D5903B2D171F88CB00ABC4B3 /* Giant_Burger_frei.jpg */,
				D5903B2E171F88CB00ABC4B3 /* green.jpg */,
				D5903B2F171F88CB00ABC4B3 /* New-Info.plist */,
				D5903B30171F88CB00ABC4B3 /* New-Prefix.pch */,
				D5903B31171F88CB00ABC4B3 /* omlette.jpg */,
				D5903B32171F88CB00ABC4B3 /* PFinalViewController.h */,
				D5903B33171F88CB00ABC4B3 /* PFinalViewController.m */,
				D5903B34171F88CB00ABC4B3 /* Precipe.h */,
				D5903B35171F88CB00ABC4B3 /* Precipe.m */,
				D5903B36171F88CB00ABC4B3 /* Psample.h */,
				D5903B37171F88CB00ABC4B3 /* Psample.m */,
				A5F48127171FF4890004264E /* HavingTableViewCell.h */,
				A5F48128171FF4890004264E /* HavingTableViewCell.m */,
				A5F48129171FF4890004264E /* HavingViewController.h */,
				A5F4812A171FF4890004264E /* HavingViewController.m */,
				A5F4812B171FF4890004264E /* MenuViewController.h */,
				A5F4812C171FF4890004264E /* MenuViewController.m */,
				A5F4812D171FF4890004264E /* MissingViewController.h */,
				A5F4812E171FF4890004264E /* MissingViewController.m */,
				D5903B38171F88CB00ABC4B3 /* PViewController.h */,
				D5903B39171F88CB00ABC4B3 /* PViewController.m */,
				D5903B3A171F88CB00ABC4B3 /* red.jpg */,
				D5903B3B171F88CB00ABC4B3 /* sbcrepe.jpg */,
				D5903B3C171F88CB00ABC4B3 /* yellow.gif */,
				D5903B1E171F81FE00ABC4B3 /* CustomButton.h */,
				D5903B1F171F81FE00ABC4B3 /* CustomButton.m */,
				D5903B20171F81FE00ABC4B3 /* video_icon.png */,
				D5903B21171F81FE00ABC4B3 /* VideoEmbed.h */,
				D5903B22171F81FE00ABC4B3 /* VideoEmbed.m */,
				D5903B23171F81FE00ABC4B3 /* ViewController.h */,
				D5903B24171F81FE00ABC4B3 /* ViewController.m */,
				D5903B25171F81FE00ABC4B3 /* WebView-Info.plist */,
				D5903B26171F81FE00ABC4B3 /* WebView-Prefix.pch */,
				8713E65A1711386B00BDE6AC /* Rating */,
				87F990B81710245A002F38C2 /* Enter */,
				87F990A3171023C0002F38C2 /* UISTAppDelegate.h */,
				87F990A4171023C0002F38C2 /* UISTAppDelegate.m */,
				87F990AC171023C1002F38C2 /* MainStoryboard.storyboard */,
				87F990AF171023C1002F38C2 /* UISTViewController.h */,
				87F990B0171023C1002F38C2 /* UISTViewController.m */,
				87F9909B171023C0002F38C2 /* Supporting Files */,
			);
			path = WhatCanWeCook;
			sourceTree = "<group>";
		};
		87F9909B171023C0002F38C2 /* Supporting Files */ = {
			isa = PBXGroup;
			children = (
				87F9909C171023C0002F38C2 /* WhatCanWeCook-Info.plist */,
				87F9909D171023C0002F38C2 /* InfoPlist.strings */,
				87F990A0171023C0002F38C2 /* main.m */,
				87F990A2171023C0002F38C2 /* WhatCanWeCook-Prefix.pch */,
				87F990A6171023C1002F38C2 /* Default.png */,
				87F990A8171023C1002F38C2 /* Default@2x.png */,
				87F990AA171023C1002F38C2 /* Default-568h@2x.png */,
			);
			name = "Supporting Files";
			sourceTree = "<group>";
		};
		87F990B81710245A002F38C2 /* Enter */ = {
			isa = PBXGroup;
			children = (
				87F990B91710247E002F38C2 /* EnterViewController.h */,
				87F990BA1710247E002F38C2 /* EnterViewController.m */,
			);
			name = Enter;
			sourceTree = "<group>";
		};
/* End PBXGroup section */

/* Begin PBXNativeTarget section */
		87F99090171023C0002F38C2 /* WhatCanWeCook */ = {
			isa = PBXNativeTarget;
			buildConfigurationList = 87F990B4171023C1002F38C2 /* Build configuration list for PBXNativeTarget "WhatCanWeCook" */;
			buildPhases = (
				87F9908D171023C0002F38C2 /* Sources */,
				87F9908E171023C0002F38C2 /* Frameworks */,
				87F9908F171023C0002F38C2 /* Resources */,
			);
			buildRules = (
			);
			dependencies = (
			);
			name = WhatCanWeCook;
			productName = WhatCanWeCook;
			productReference = 87F99091171023C0002F38C2 /* WhatCanWeCook.app */;
			productType = "com.apple.product-type.application";
		};
/* End PBXNativeTarget section */

/* Begin PBXProject section */
		87F99089171023C0002F38C2 /* Project object */ = {
			isa = PBXProject;
			attributes = {
				CLASSPREFIX = UIST;
				LastUpgradeCheck = 0460;
				ORGANIZATIONNAME = UIHUST;
			};
			buildConfigurationList = 87F9908C171023C0002F38C2 /* Build configuration list for PBXProject "WhatCanWeCook" */;
			compatibilityVersion = "Xcode 3.2";
			developmentRegion = English;
			hasScannedForEncodings = 0;
			knownRegions = (
				en,
			);
			mainGroup = 87F99088171023C0002F38C2;
			productRefGroup = 87F99092171023C0002F38C2 /* Products */;
			projectDirPath = "";
			projectRoot = "";
			targets = (
				87F99090171023C0002F38C2 /* WhatCanWeCook */,
			);
		};
/* End PBXProject section */

/* Begin PBXResourcesBuildPhase section */
		87F9908F171023C0002F38C2 /* Resources */ = {
			isa = PBXResourcesBuildPhase;
			buildActionMask = 2147483647;
			files = (
				87F9909F171023C0002F38C2 /* InfoPlist.strings in Resources */,
				87F990A7171023C1002F38C2 /* Default.png in Resources */,
				87F990A9171023C1002F38C2 /* Default@2x.png in Resources */,
				87F990AB171023C1002F38C2 /* Default-568h@2x.png in Resources */,
				87F990AE171023C1002F38C2 /* MainStoryboard.storyboard in Resources */,
				870224B6171098EC005818C4 /* symbol_check.png in Resources */,
				878F8CE0171321310033A1BA /* star_empty.png in Resources */,
				878F8CE1171321310033A1BA /* star_full.png in Resources */,
				878F8CE2171321310033A1BA /* star_half_left.png in Resources */,
				D5903B28171F81FE00ABC4B3 /* video_icon.png in Resources */,
				D5903B2B171F81FE00ABC4B3 /* WebView-Info.plist in Resources */,
				D5903B3D171F88CC00ABC4B3 /* Giant_Burger_frei.jpg in Resources */,
				D5903B3E171F88CC00ABC4B3 /* green.jpg in Resources */,
				D5903B3F171F88CC00ABC4B3 /* New-Info.plist in Resources */,
				D5903B40171F88CC00ABC4B3 /* omlette.jpg in Resources */,
				D5903B45171F88CC00ABC4B3 /* red.jpg in Resources */,
				D5903B46171F88CC00ABC4B3 /* sbcrepe.jpg in Resources */,
				D5903B47171F88CC00ABC4B3 /* yellow.gif in Resources */,
			);
			runOnlyForDeploymentPostprocessing = 0;
		};
/* End PBXResourcesBuildPhase section */

/* Begin PBXSourcesBuildPhase section */
		87F9908D171023C0002F38C2 /* Sources */ = {
			isa = PBXSourcesBuildPhase;
			buildActionMask = 2147483647;
			files = (
				87F990A1171023C0002F38C2 /* main.m in Sources */,
				87F990A5171023C0002F38C2 /* UISTAppDelegate.m in Sources */,
				87F990B1171023C1002F38C2 /* UISTViewController.m in Sources */,
				87F990BB1710247E002F38C2 /* EnterViewController.m in Sources */,
				8713E65D1711388B00BDE6AC /* RatingViewController.m in Sources */,
				878F8CE5171322DD0033A1BA /* RatingView.m in Sources */,
				D5903B27171F81FE00ABC4B3 /* CustomButton.m in Sources */,
				D5903B29171F81FE00ABC4B3 /* VideoEmbed.m in Sources */,
				D5903B2A171F81FE00ABC4B3 /* ViewController.m in Sources */,
				D5903B41171F88CC00ABC4B3 /* PFinalViewController.m in Sources */,
				D5903B42171F88CC00ABC4B3 /* Precipe.m in Sources */,
				D5903B43171F88CC00ABC4B3 /* Psample.m in Sources */,
				D5903B44171F88CC00ABC4B3 /* PViewController.m in Sources */,
				A5F4812F171FF4890004264E /* HavingTableViewCell.m in Sources */,
				A5F48130171FF4890004264E /* HavingViewController.m in Sources */,
				A5F48131171FF4890004264E /* MenuViewController.m in Sources */,
				A5F48132171FF4890004264E /* MissingViewController.m in Sources */,
			);
			runOnlyForDeploymentPostprocessing = 0;
		};
/* End PBXSourcesBuildPhase section */

/* Begin PBXVariantGroup section */
		87F9909D171023C0002F38C2 /* InfoPlist.strings */ = {
			isa = PBXVariantGroup;
			children = (
				87F9909E171023C0002F38C2 /* en */,
			);
			name = InfoPlist.strings;
			sourceTree = "<group>";
		};
		87F990AC171023C1002F38C2 /* MainStoryboard.storyboard */ = {
			isa = PBXVariantGroup;
			children = (
				87F990AD171023C1002F38C2 /* en */,
			);
			name = MainStoryboard.storyboard;
			sourceTree = "<group>";
		};
/* End PBXVariantGroup section */

/* Begin XCBuildConfiguration section */
		87F990B2171023C1002F38C2 /* Debug */ = {
			isa = XCBuildConfiguration;
			buildSettings = {
				ALWAYS_SEARCH_USER_PATHS = NO;
				CLANG_CXX_LANGUAGE_STANDARD = "gnu++0x";
				CLANG_CXX_LIBRARY = "libc++";
				CLANG_ENABLE_OBJC_ARC = YES;
				CLANG_WARN_CONSTANT_CONVERSION = YES;
				CLANG_WARN_EMPTY_BODY = YES;
				CLANG_WARN_ENUM_CONVERSION = YES;
				CLANG_WARN_INT_CONVERSION = YES;
				CLANG_WARN__DUPLICATE_METHOD_MATCH = YES;
				"CODE_SIGN_IDENTITY[sdk=iphoneos*]" = "iPhone Developer";
				COPY_PHASE_STRIP = NO;
				GCC_C_LANGUAGE_STANDARD = gnu99;
				GCC_DYNAMIC_NO_PIC = NO;
				GCC_OPTIMIZATION_LEVEL = 0;
				GCC_PREPROCESSOR_DEFINITIONS = (
					"DEBUG=1",
					"$(inherited)",
				);
				GCC_SYMBOLS_PRIVATE_EXTERN = NO;
				GCC_WARN_ABOUT_RETURN_TYPE = YES;
				GCC_WARN_UNINITIALIZED_AUTOS = YES;
				GCC_WARN_UNUSED_VARIABLE = YES;
				IPHONEOS_DEPLOYMENT_TARGET = 6.1;
				ONLY_ACTIVE_ARCH = YES;
				SDKROOT = iphoneos;
			};
			name = Debug;
		};
		87F990B3171023C1002F38C2 /* Release */ = {
			isa = XCBuildConfiguration;
			buildSettings = {
				ALWAYS_SEARCH_USER_PATHS = NO;
				CLANG_CXX_LANGUAGE_STANDARD = "gnu++0x";
				CLANG_CXX_LIBRARY = "libc++";
				CLANG_ENABLE_OBJC_ARC = YES;
				CLANG_WARN_CONSTANT_CONVERSION = YES;
				CLANG_WARN_EMPTY_BODY = YES;
				CLANG_WARN_ENUM_CONVERSION = YES;
				CLANG_WARN_INT_CONVERSION = YES;
				CLANG_WARN__DUPLICATE_METHOD_MATCH = YES;
				"CODE_SIGN_IDENTITY[sdk=iphoneos*]" = "iPhone Developer";
				COPY_PHASE_STRIP = YES;
				GCC_C_LANGUAGE_STANDARD = gnu99;
				GCC_WARN_ABOUT_RETURN_TYPE = YES;
				GCC_WARN_UNINITIALIZED_AUTOS = YES;
				GCC_WARN_UNUSED_VARIABLE = YES;
				IPHONEOS_DEPLOYMENT_TARGET = 6.1;
				OTHER_CFLAGS = "-DNS_BLOCK_ASSERTIONS=1";
				SDKROOT = iphoneos;
				VALIDATE_PRODUCT = YES;
			};
			name = Release;
		};
		87F990B5171023C1002F38C2 /* Debug */ = {
			isa = XCBuildConfiguration;
			buildSettings = {
				GCC_PRECOMPILE_PREFIX_HEADER = YES;
				GCC_PREFIX_HEADER = "WhatCanWeCook/WhatCanWeCook-Prefix.pch";
				INFOPLIST_FILE = "WhatCanWeCook/WhatCanWeCook-Info.plist";
				IPHONEOS_DEPLOYMENT_TARGET = 6.0;
				PRODUCT_NAME = "$(TARGET_NAME)";
				WRAPPER_EXTENSION = app;
			};
			name = Debug;
		};
		87F990B6171023C1002F38C2 /* Release */ = {
			isa = XCBuildConfiguration;
			buildSettings = {
				GCC_PRECOMPILE_PREFIX_HEADER = YES;
				GCC_PREFIX_HEADER = "WhatCanWeCook/WhatCanWeCook-Prefix.pch";
				INFOPLIST_FILE = "WhatCanWeCook/WhatCanWeCook-Info.plist";
				IPHONEOS_DEPLOYMENT_TARGET = 6.0;
				PRODUCT_NAME = "$(TARGET_NAME)";
				WRAPPER_EXTENSION = app;
			};
			name = Release;
		};
/* End XCBuildConfiguration section */

/* Begin XCConfigurationList section */
		87F9908C171023C0002F38C2 /* Build configuration list for PBXProject "WhatCanWeCook" */ = {
			isa = XCConfigurationList;
			buildConfigurations = (
				87F990B2171023C1002F38C2 /* Debug */,
				87F990B3171023C1002F38C2 /* Release */,
			);
			defaultConfigurationIsVisible = 0;
			defaultConfigurationName = Release;
		};
		87F990B4171023C1002F38C2 /* Build configuration list for PBXNativeTarget "WhatCanWeCook" */ = {
			isa = XCConfigurationList;
			buildConfigurations = (
				87F990B5171023C1002F38C2 /* Debug */,
				87F990B6171023C1002F38C2 /* Release */,
			);
			defaultConfigurationIsVisible = 0;
			defaultConfigurationName = Release;
		};
/* End XCConfigurationList section */
	};
	rootObject = 87F99089171023C0002F38C2 /* Project object */;
}
